// !$*UTF8*$!
{
	archiveVersion = 1;
	classes = {
	};
	objectVersion = 55;
	objects = {

/* Begin PBXBuildFile section */
		355C46C4288A7E140077309C /* AppDelegate.swift in Sources */ = {isa = PBXBuildFile; fileRef = 355C46C3288A7E140077309C /* AppDelegate.swift */; };
		355C46C6288A7E140077309C /* SceneDelegate.swift in Sources */ = {isa = PBXBuildFile; fileRef = 355C46C5288A7E140077309C /* SceneDelegate.swift */; };
		355C46C8288A7E140077309C /* ViewController.swift in Sources */ = {isa = PBXBuildFile; fileRef = 355C46C7288A7E140077309C /* ViewController.swift */; };
		355C46CB288A7E140077309C /* Main.storyboard in Resources */ = {isa = PBXBuildFile; fileRef = 355C46C9288A7E140077309C /* Main.storyboard */; };
		355C46CD288A7E160077309C /* Assets.xcassets in Resources */ = {isa = PBXBuildFile; fileRef = 355C46CC288A7E160077309C /* Assets.xcassets */; };
		355C46D0288A7E160077309C /* LaunchScreen.storyboard in Resources */ = {isa = PBXBuildFile; fileRef = 355C46CE288A7E160077309C /* LaunchScreen.storyboard */; };
		355C46D9288AA8100077309C /* Select.storyboard in Resources */ = {isa = PBXBuildFile; fileRef = 355C46D8288AA8100077309C /* Select.storyboard */; };
		355C46DB288AA8480077309C /* SelectCollectionViewController.swift in Sources */ = {isa = PBXBuildFile; fileRef = 355C46DA288AA8480077309C /* SelectCollectionViewController.swift */; };
		355C46DD288AA8740077309C /* SelectCollectionViewCell.swift in Sources */ = {isa = PBXBuildFile; fileRef = 355C46DC288AA8740077309C /* SelectCollectionViewCell.swift */; };
		355C46DF288B75200077309C /* SelectCheck.storyboard in Resources */ = {isa = PBXBuildFile; fileRef = 355C46DE288B75200077309C /* SelectCheck.storyboard */; };
		355C46E2288B75BC0077309C /* SelectCheckViewController.swift in Sources */ = {isa = PBXBuildFile; fileRef = 355C46E1288B75BC0077309C /* SelectCheckViewController.swift */; };
		355C46E4288B89360077309C /* UIViewContorller+Extension.swift in Sources */ = {isa = PBXBuildFile; fileRef = 355C46E3288B89360077309C /* UIViewContorller+Extension.swift */; };
		355C46E6288BB5420077309C /* MainViewController.swift in Sources */ = {isa = PBXBuildFile; fileRef = 355C46E5288BB5420077309C /* MainViewController.swift */; };
		355F465F288BE8AA00692C06 /* Setting.storyboard in Resources */ = {isa = PBXBuildFile; fileRef = 355F465E288BE8AA00692C06 /* Setting.storyboard */; };
		355F4661288BE8C200692C06 /* SettingTableViewController.swift in Sources */ = {isa = PBXBuildFile; fileRef = 355F4660288BE8C200692C06 /* SettingTableViewController.swift */; };
		355F4668288BEED800692C06 /* Username.storyboard in Resources */ = {isa = PBXBuildFile; fileRef = 355F4667288BEED800692C06 /* Username.storyboard */; };
		355F466A288BEEE900692C06 /* UsernameViewController.swift in Sources */ = {isa = PBXBuildFile; fileRef = 355F4669288BEEE900692C06 /* UsernameViewController.swift */; };
		355F466C288BF5AB00692C06 /* CharacterInfo.swift in Sources */ = {isa = PBXBuildFile; fileRef = 355F466B288BF5AB00692C06 /* CharacterInfo.swift */; };
		355F466F288C1FC100692C06 /* UserdefaultData.swift in Sources */ = {isa = PBXBuildFile; fileRef = 355F466E288C1FC100692C06 /* UserdefaultData.swift */; };
/* End PBXBuildFile section */

/* Begin PBXFileReference section */
		355C46C0288A7E140077309C /* seSACexam01.app */ = {isa = PBXFileReference; explicitFileType = wrapper.application; includeInIndex = 0; path = seSACexam01.app; sourceTree = BUILT_PRODUCTS_DIR; };
		355C46C3288A7E140077309C /* AppDelegate.swift */ = {isa = PBXFileReference; lastKnownFileType = sourcecode.swift; path = AppDelegate.swift; sourceTree = "<group>"; };
		355C46C5288A7E140077309C /* SceneDelegate.swift */ = {isa = PBXFileReference; lastKnownFileType = sourcecode.swift; path = SceneDelegate.swift; sourceTree = "<group>"; };
		355C46C7288A7E140077309C /* ViewController.swift */ = {isa = PBXFileReference; lastKnownFileType = sourcecode.swift; path = ViewController.swift; sourceTree = "<group>"; };
		355C46CA288A7E140077309C /* Base */ = {isa = PBXFileReference; lastKnownFileType = file.storyboard; name = Base; path = Base.lproj/Main.storyboard; sourceTree = "<group>"; };
		355C46CC288A7E160077309C /* Assets.xcassets */ = {isa = PBXFileReference; lastKnownFileType = folder.assetcatalog; path = Assets.xcassets; sourceTree = "<group>"; };
		355C46CF288A7E160077309C /* Base */ = {isa = PBXFileReference; lastKnownFileType = file.storyboard; name = Base; path = Base.lproj/LaunchScreen.storyboard; sourceTree = "<group>"; };
		355C46D1288A7E160077309C /* Info.plist */ = {isa = PBXFileReference; lastKnownFileType = text.plist.xml; path = Info.plist; sourceTree = "<group>"; };
		355C46D8288AA8100077309C /* Select.storyboard */ = {isa = PBXFileReference; lastKnownFileType = file.storyboard; path = Select.storyboard; sourceTree = "<group>"; };
		355C46DA288AA8480077309C /* SelectCollectionViewController.swift */ = {isa = PBXFileReference; lastKnownFileType = sourcecode.swift; path = SelectCollectionViewController.swift; sourceTree = "<group>"; };
		355C46DC288AA8740077309C /* SelectCollectionViewCell.swift */ = {isa = PBXFileReference; lastKnownFileType = sourcecode.swift; path = SelectCollectionViewCell.swift; sourceTree = "<group>"; };
		355C46DE288B75200077309C /* SelectCheck.storyboard */ = {isa = PBXFileReference; lastKnownFileType = file.storyboard; path = SelectCheck.storyboard; sourceTree = "<group>"; };
		355C46E1288B75BC0077309C /* SelectCheckViewController.swift */ = {isa = PBXFileReference; lastKnownFileType = sourcecode.swift; path = SelectCheckViewController.swift; sourceTree = "<group>"; };
		355C46E3288B89360077309C /* UIViewContorller+Extension.swift */ = {isa = PBXFileReference; lastKnownFileType = sourcecode.swift; path = "UIViewContorller+Extension.swift"; sourceTree = "<group>"; };
		355C46E5288BB5420077309C /* MainViewController.swift */ = {isa = PBXFileReference; lastKnownFileType = sourcecode.swift; path = MainViewController.swift; sourceTree = "<group>"; };
		355F465E288BE8AA00692C06 /* Setting.storyboard */ = {isa = PBXFileReference; lastKnownFileType = file.storyboard; path = Setting.storyboard; sourceTree = "<group>"; };
		355F4660288BE8C200692C06 /* SettingTableViewController.swift */ = {isa = PBXFileReference; lastKnownFileType = sourcecode.swift; path = SettingTableViewController.swift; sourceTree = "<group>"; };
		355F4667288BEED800692C06 /* Username.storyboard */ = {isa = PBXFileReference; lastKnownFileType = file.storyboard; path = Username.storyboard; sourceTree = "<group>"; };
		355F4669288BEEE900692C06 /* UsernameViewController.swift */ = {isa = PBXFileReference; lastKnownFileType = sourcecode.swift; path = UsernameViewController.swift; sourceTree = "<group>"; };
		355F466B288BF5AB00692C06 /* CharacterInfo.swift */ = {isa = PBXFileReference; lastKnownFileType = sourcecode.swift; path = CharacterInfo.swift; sourceTree = "<group>"; };
		355F466E288C1FC100692C06 /* UserdefaultData.swift */ = {isa = PBXFileReference; lastKnownFileType = sourcecode.swift; path = UserdefaultData.swift; sourceTree = "<group>"; };
/* End PBXFileReference section */

/* Begin PBXFrameworksBuildPhase section */
		355C46BD288A7E140077309C /* Frameworks */ = {
			isa = PBXFrameworksBuildPhase;
			buildActionMask = 2147483647;
			files = (
			);
			runOnlyForDeploymentPostprocessing = 0;
		};
/* End PBXFrameworksBuildPhase section */

/* Begin PBXGroup section */
		355C46B7288A7E140077309C = {
			isa = PBXGroup;
			children = (
				355C46C2288A7E140077309C /* seSACexam01 */,
				355C46C1288A7E140077309C /* Products */,
			);
			sourceTree = "<group>";
		};
		355C46C1288A7E140077309C /* Products */ = {
			isa = PBXGroup;
			children = (
				355C46C0288A7E140077309C /* seSACexam01.app */,
			);
			name = Products;
			sourceTree = "<group>";
		};
		355C46C2288A7E140077309C /* seSACexam01 */ = {
			isa = PBXGroup;
			children = (
				355C46D7288AA7EC0077309C /* Select */,
				355C46E0288B75270077309C /* SelectCheck */,
				355C46E7288BB5470077309C /* Main */,
				355F465D288BE89F00692C06 /* Setting */,
				355F466E288C1FC100692C06 /* UserdefaultData.swift */,
				355F466B288BF5AB00692C06 /* CharacterInfo.swift */,
				355C46E3288B89360077309C /* UIViewContorller+Extension.swift */,
				355C46C3288A7E140077309C /* AppDelegate.swift */,
				355C46C5288A7E140077309C /* SceneDelegate.swift */,
				355C46C7288A7E140077309C /* ViewController.swift */,
				355C46CC288A7E160077309C /* Assets.xcassets */,
				355C46CE288A7E160077309C /* LaunchScreen.storyboard */,
				355C46D1288A7E160077309C /* Info.plist */,
			);
			path = seSACexam01;
			sourceTree = "<group>";
		};
		355C46D7288AA7EC0077309C /* Select */ = {
			isa = PBXGroup;
			children = (
				355C46D8288AA8100077309C /* Select.storyboard */,
				355C46DC288AA8740077309C /* SelectCollectionViewCell.swift */,
				355C46DA288AA8480077309C /* SelectCollectionViewController.swift */,
			);
			path = Select;
			sourceTree = "<group>";
		};
		355C46E0288B75270077309C /* SelectCheck */ = {
			isa = PBXGroup;
			children = (
				355C46DE288B75200077309C /* SelectCheck.storyboard */,
				355C46E1288B75BC0077309C /* SelectCheckViewController.swift */,
			);
			path = SelectCheck;
			sourceTree = "<group>";
		};
		355C46E7288BB5470077309C /* Main */ = {
			isa = PBXGroup;
			children = (
				355C46C9288A7E140077309C /* Main.storyboard */,
				355C46E5288BB5420077309C /* MainViewController.swift */,
			);
			path = Main;
			sourceTree = "<group>";
		};
		355F465D288BE89F00692C06 /* Setting */ = {
			isa = PBXGroup;
			children = (
				355F465E288BE8AA00692C06 /* Setting.storyboard */,
				355F4660288BE8C200692C06 /* SettingTableViewController.swift */,
				355F4664288BEE9A00692C06 /* Username */,
			);
			path = Setting;
			sourceTree = "<group>";
		};
		355F4664288BEE9A00692C06 /* Username */ = {
			isa = PBXGroup;
			children = (
				355F4667288BEED800692C06 /* Username.storyboard */,
				355F4669288BEEE900692C06 /* UsernameViewController.swift */,
			);
			path = Username;
			sourceTree = "<group>";
		};
/* End PBXGroup section */

/* Begin PBXNativeTarget section */
		355C46BF288A7E140077309C /* seSACexam01 */ = {
			isa = PBXNativeTarget;
			buildConfigurationList = 355C46D4288A7E160077309C /* Build configuration list for PBXNativeTarget "seSACexam01" */;
			buildPhases = (
				355C46BC288A7E140077309C /* Sources */,
				355C46BD288A7E140077309C /* Frameworks */,
				355C46BE288A7E140077309C /* Resources */,
			);
			buildRules = (
			);
			dependencies = (
			);
			name = seSACexam01;
			productName = seSACexam01;
			productReference = 355C46C0288A7E140077309C /* seSACexam01.app */;
			productType = "com.apple.product-type.application";
		};
/* End PBXNativeTarget section */

/* Begin PBXProject section */
		355C46B8288A7E140077309C /* Project object */ = {
			isa = PBXProject;
			attributes = {
				BuildIndependentTargetsInParallel = 1;
				LastSwiftUpdateCheck = 1340;
				LastUpgradeCheck = 1340;
				TargetAttributes = {
					355C46BF288A7E140077309C = {
						CreatedOnToolsVersion = 13.4.1;
					};
				};
			};
			buildConfigurationList = 355C46BB288A7E140077309C /* Build configuration list for PBXProject "seSACexam01" */;
			compatibilityVersion = "Xcode 13.0";
			developmentRegion = en;
			hasScannedForEncodings = 0;
			knownRegions = (
				en,
				Base,
			);
			mainGroup = 355C46B7288A7E140077309C;
			productRefGroup = 355C46C1288A7E140077309C /* Products */;
			projectDirPath = "";
			projectRoot = "";
			targets = (
				355C46BF288A7E140077309C /* seSACexam01 */,
			);
		};
/* End PBXProject section */

/* Begin PBXResourcesBuildPhase section */
		355C46BE288A7E140077309C /* Resources */ = {
			isa = PBXResourcesBuildPhase;
			buildActionMask = 2147483647;
			files = (
				355C46DF288B75200077309C /* SelectCheck.storyboard in Resources */,
				355C46D9288AA8100077309C /* Select.storyboard in Resources */,
				355C46D0288A7E160077309C /* LaunchScreen.storyboard in Resources */,
				355C46CD288A7E160077309C /* Assets.xcassets in Resources */,
				355C46CB288A7E140077309C /* Main.storyboard in Resources */,
				355F465F288BE8AA00692C06 /* Setting.storyboard in Resources */,
				355F4668288BEED800692C06 /* Username.storyboard in Resources */,
			);
			runOnlyForDeploymentPostprocessing = 0;
		};
/* End PBXResourcesBuildPhase section */

/* Begin PBXSourcesBuildPhase section */
		355C46BC288A7E140077309C /* Sources */ = {
			isa = PBXSourcesBuildPhase;
			buildActionMask = 2147483647;
			files = (
				355F466A288BEEE900692C06 /* UsernameViewController.swift in Sources */,
				355C46DD288AA8740077309C /* SelectCollectionViewCell.swift in Sources */,
				355F466F288C1FC100692C06 /* UserdefaultData.swift in Sources */,
				355C46E2288B75BC0077309C /* SelectCheckViewController.swift in Sources */,
				355C46C8288A7E140077309C /* ViewController.swift in Sources */,
				355C46E4288B89360077309C /* UIViewContorller+Extension.swift in Sources */,
				355C46C4288A7E140077309C /* AppDelegate.swift in Sources */,
				355C46DB288AA8480077309C /* SelectCollectionViewController.swift in Sources */,
				355F4661288BE8C200692C06 /* SettingTableViewController.swift in Sources */,
				355C46C6288A7E140077309C /* SceneDelegate.swift in Sources */,
				355F466C288BF5AB00692C06 /* CharacterInfo.swift in Sources */,
				355C46E6288BB5420077309C /* MainViewController.swift in Sources */,
			);
			runOnlyForDeploymentPostprocessing = 0;
		};
/* End PBXSourcesBuildPhase section */

/* Begin PBXVariantGroup section */
		355C46C9288A7E140077309C /* Main.storyboard */ = {
			isa = PBXVariantGroup;
			children = (
				355C46CA288A7E140077309C /* Base */,
			);
			name = Main.storyboard;
			sourceTree = "<group>";
		};
		355C46CE288A7E160077309C /* LaunchScreen.storyboard */ = {
			isa = PBXVariantGroup;
			children = (
				355C46CF288A7E160077309C /* Base */,
			);
			name = LaunchScreen.storyboard;
			sourceTree = "<group>";
		};
/* End PBXVariantGroup section */

/* Begin XCBuildConfiguration section */
		355C46D2288A7E160077309C /* Debug */ = {
			isa = XCBuildConfiguration;
			buildSettings = {
				ALWAYS_SEARCH_USER_PATHS = NO;
				CLANG_ANALYZER_NONNULL = YES;
				CLANG_ANALYZER_NUMBER_OBJECT_CONVERSION = YES_AGGRESSIVE;
				CLANG_CXX_LANGUAGE_STANDARD = "gnu++17";
				CLANG_ENABLE_MODULES = YES;
				CLANG_ENABLE_OBJC_ARC = YES;
				CLANG_ENABLE_OBJC_WEAK = YES;
				CLANG_WARN_BLOCK_CAPTURE_AUTORELEASING = YES;
				CLANG_WARN_BOOL_CONVERSION = YES;
				CLANG_WARN_COMMA = YES;
				CLANG_WARN_CONSTANT_CONVERSION = YES;
				CLANG_WARN_DEPRECATED_OBJC_IMPLEMENTATIONS = YES;
				CLANG_WARN_DIRECT_OBJC_ISA_USAGE = YES_ERROR;
				CLANG_WARN_DOCUMENTATION_COMMENTS = YES;
				CLANG_WARN_EMPTY_BODY = YES;
				CLANG_WARN_ENUM_CONVERSION = YES;
				CLANG_WARN_INFINITE_RECURSION = YES;
				CLANG_WARN_INT_CONVERSION = YES;
				CLANG_WARN_NON_LITERAL_NULL_CONVERSION = YES;
				CLANG_WARN_OBJC_IMPLICIT_RETAIN_SELF = YES;
				CLANG_WARN_OBJC_LITERAL_CONVERSION = YES;
				CLANG_WARN_OBJC_ROOT_CLASS = YES_ERROR;
				CLANG_WARN_QUOTED_INCLUDE_IN_FRAMEWORK_HEADER = YES;
				CLANG_WARN_RANGE_LOOP_ANALYSIS = YES;
				CLANG_WARN_STRICT_PROTOTYPES = YES;
				CLANG_WARN_SUSPICIOUS_MOVE = YES;
				CLANG_WARN_UNGUARDED_AVAILABILITY = YES_AGGRESSIVE;
				CLANG_WARN_UNREACHABLE_CODE = YES;
				CLANG_WARN__DUPLICATE_METHOD_MATCH = YES;
				COPY_PHASE_STRIP = NO;
				DEBUG_INFORMATION_FORMAT = dwarf;
				ENABLE_STRICT_OBJC_MSGSEND = YES;
				ENABLE_TESTABILITY = YES;
				GCC_C_LANGUAGE_STANDARD = gnu11;
				GCC_DYNAMIC_NO_PIC = NO;
				GCC_NO_COMMON_BLOCKS = YES;
				GCC_OPTIMIZATION_LEVEL = 0;
				GCC_PREPROCESSOR_DEFINITIONS = (
					"DEBUG=1",
					"$(inherited)",
				);
				GCC_WARN_64_TO_32_BIT_CONVERSION = YES;
				GCC_WARN_ABOUT_RETURN_TYPE = YES_ERROR;
				GCC_WARN_UNDECLARED_SELECTOR = YES;
				GCC_WARN_UNINITIALIZED_AUTOS = YES_AGGRESSIVE;
				GCC_WARN_UNUSED_FUNCTION = YES;
				GCC_WARN_UNUSED_VARIABLE = YES;
				IPHONEOS_DEPLOYMENT_TARGET = 15.5;
				MTL_ENABLE_DEBUG_INFO = INCLUDE_SOURCE;
				MTL_FAST_MATH = YES;
				ONLY_ACTIVE_ARCH = YES;
				SDKROOT = iphoneos;
				SWIFT_ACTIVE_COMPILATION_CONDITIONS = DEBUG;
				SWIFT_OPTIMIZATION_LEVEL = "-Onone";
			};
			name = Debug;
		};
		355C46D3288A7E160077309C /* Release */ = {
			isa = XCBuildConfiguration;
			buildSettings = {
				ALWAYS_SEARCH_USER_PATHS = NO;
				CLANG_ANALYZER_NONNULL = YES;
				CLANG_ANALYZER_NUMBER_OBJECT_CONVERSION = YES_AGGRESSIVE;
				CLANG_CXX_LANGUAGE_STANDARD = "gnu++17";
				CLANG_ENABLE_MODULES = YES;
				CLANG_ENABLE_OBJC_ARC = YES;
				CLANG_ENABLE_OBJC_WEAK = YES;
				CLANG_WARN_BLOCK_CAPTURE_AUTORELEASING = YES;
				CLANG_WARN_BOOL_CONVERSION = YES;
				CLANG_WARN_COMMA = YES;
				CLANG_WARN_CONSTANT_CONVERSION = YES;
				CLANG_WARN_DEPRECATED_OBJC_IMPLEMENTATIONS = YES;
				CLANG_WARN_DIRECT_OBJC_ISA_USAGE = YES_ERROR;
				CLANG_WARN_DOCUMENTATION_COMMENTS = YES;
				CLANG_WARN_EMPTY_BODY = YES;
				CLANG_WARN_ENUM_CONVERSION = YES;
				CLANG_WARN_INFINITE_RECURSION = YES;
				CLANG_WARN_INT_CONVERSION = YES;
				CLANG_WARN_NON_LITERAL_NULL_CONVERSION = YES;
				CLANG_WARN_OBJC_IMPLICIT_RETAIN_SELF = YES;
				CLANG_WARN_OBJC_LITERAL_CONVERSION = YES;
				CLANG_WARN_OBJC_ROOT_CLASS = YES_ERROR;
				CLANG_WARN_QUOTED_INCLUDE_IN_FRAMEWORK_HEADER = YES;
				CLANG_WARN_RANGE_LOOP_ANALYSIS = YES;
				CLANG_WARN_STRICT_PROTOTYPES = YES;
				CLANG_WARN_SUSPICIOUS_MOVE = YES;
				CLANG_WARN_UNGUARDED_AVAILABILITY = YES_AGGRESSIVE;
				CLANG_WARN_UNREACHABLE_CODE = YES;
				CLANG_WARN__DUPLICATE_METHOD_MATCH = YES;
				COPY_PHASE_STRIP = NO;
				DEBUG_INFORMATION_FORMAT = "dwarf-with-dsym";
				ENABLE_NS_ASSERTIONS = NO;
				ENABLE_STRICT_OBJC_MSGSEND = YES;
				GCC_C_LANGUAGE_STANDARD = gnu11;
				GCC_NO_COMMON_BLOCKS = YES;
				GCC_WARN_64_TO_32_BIT_CONVERSION = YES;
				GCC_WARN_ABOUT_RETURN_TYPE = YES_ERROR;
				GCC_WARN_UNDECLARED_SELECTOR = YES;
				GCC_WARN_UNINITIALIZED_AUTOS = YES_AGGRESSIVE;
				GCC_WARN_UNUSED_FUNCTION = YES;
				GCC_WARN_UNUSED_VARIABLE = YES;
				IPHONEOS_DEPLOYMENT_TARGET = 15.5;
				MTL_ENABLE_DEBUG_INFO = NO;
				MTL_FAST_MATH = YES;
				SDKROOT = iphoneos;
				SWIFT_COMPILATION_MODE = wholemodule;
				SWIFT_OPTIMIZATION_LEVEL = "-O";
				VALIDATE_PRODUCT = YES;
			};
			name = Release;
		};
		355C46D5288A7E160077309C /* Debug */ = {
			isa = XCBuildConfiguration;
			buildSettings = {
				ASSETCATALOG_COMPILER_APPICON_NAME = AppIcon;
				ASSETCATALOG_COMPILER_GLOBAL_ACCENT_COLOR_NAME = AccentColor;
				CODE_SIGN_STYLE = Automatic;
				CURRENT_PROJECT_VERSION = 1;
				DEVELOPMENT_TEAM = BG68R7N92W;
				GENERATE_INFOPLIST_FILE = YES;
				INFOPLIST_FILE = seSACexam01/Info.plist;
				INFOPLIST_KEY_UIApplicationSupportsIndirectInputEvents = YES;
				INFOPLIST_KEY_UILaunchStoryboardName = LaunchScreen;
				INFOPLIST_KEY_UIMainStoryboardFile = Select;
				INFOPLIST_KEY_UISupportedInterfaceOrientations = UIInterfaceOrientationPortrait;
				INFOPLIST_KEY_UISupportedInterfaceOrientations_iPad = "UIInterfaceOrientationPortrait UIInterfaceOrientationPortraitUpsideDown UIInterfaceOrientationLandscapeLeft UIInterfaceOrientationLandscapeRight";
				INFOPLIST_KEY_UISupportedInterfaceOrientations_iPhone = UIInterfaceOrientationPortrait;
				IPHONEOS_DEPLOYMENT_TARGET = 15.0;
				LD_RUNPATH_SEARCH_PATHS = (
					"$(inherited)",
					"@executable_path/Frameworks",
				);
				MARKETING_VERSION = 1.0;
				PRODUCT_BUNDLE_IDENTIFIER = com.soul.seSACexam01;
				PRODUCT_NAME = "$(TARGET_NAME)";
				SWIFT_EMIT_LOC_STRINGS = YES;
				SWIFT_VERSION = 5.0;
				TARGETED_DEVICE_FAMILY = 1;
			};
			name = Debug;
		};
		355C46D6288A7E160077309C /* Release */ = {
			isa = XCBuildConfiguration;
			buildSettings = {
				ASSETCATALOG_COMPILER_APPICON_NAME = AppIcon;
				ASSETCATALOG_COMPILER_GLOBAL_ACCENT_COLOR_NAME = AccentColor;
				CODE_SIGN_STYLE = Automatic;
				CURRENT_PROJECT_VERSION = 1;
				DEVELOPMENT_TEAM = BG68R7N92W;
				GENERATE_INFOPLIST_FILE = YES;
				INFOPLIST_FILE = seSACexam01/Info.plist;
				INFOPLIST_KEY_UIApplicationSupportsIndirectInputEvents = YES;
				INFOPLIST_KEY_UILaunchStoryboardName = LaunchScreen;
				INFOPLIST_KEY_UIMainStoryboardFile = Select;
				INFOPLIST_KEY_UISupportedInterfaceOrientations = UIInterfaceOrientationPortrait;
				INFOPLIST_KEY_UISupportedInterfaceOrientations_iPad = "UIInterfaceOrientationPortrait UIInterfaceOrientationPortraitUpsideDown UIInterfaceOrientationLandscapeLeft UIInterfaceOrientationLandscapeRight";
				INFOPLIST_KEY_UISupportedInterfaceOrientations_iPhone = UIInterfaceOrientationPortrait;
				IPHONEOS_DEPLOYMENT_TARGET = 15.0;
				LD_RUNPATH_SEARCH_PATHS = (
					"$(inherited)",
					"@executable_path/Frameworks",
				);
				MARKETING_VERSION = 1.0;
				PRODUCT_BUNDLE_IDENTIFIER = com.soul.seSACexam01;
				PRODUCT_NAME = "$(TARGET_NAME)";
				SWIFT_EMIT_LOC_STRINGS = YES;
				SWIFT_VERSION = 5.0;
				TARGETED_DEVICE_FAMILY = 1;
			};
			name = Release;
		};
/* End XCBuildConfiguration section */

/* Begin XCConfigurationList section */
		355C46BB288A7E140077309C /* Build configuration list for PBXProject "seSACexam01" */ = {
			isa = XCConfigurationList;
			buildConfigurations = (
				355C46D2288A7E160077309C /* Debug */,
				355C46D3288A7E160077309C /* Release */,
			);
			defaultConfigurationIsVisible = 0;
			defaultConfigurationName = Release;
		};
		355C46D4288A7E160077309C /* Build configuration list for PBXNativeTarget "seSACexam01" */ = {
			isa = XCConfigurationList;
			buildConfigurations = (
				355C46D5288A7E160077309C /* Debug */,
				355C46D6288A7E160077309C /* Release */,
			);
			defaultConfigurationIsVisible = 0;
			defaultConfigurationName = Release;
		};
/* End XCConfigurationList section */
	};
	rootObject = 355C46B8288A7E140077309C /* Project object */;
}
